
Microsoft Visual Studio Solution File, Format Version 12.00
# Visual Studio Version 17
VisualStudioVersion = 17.2.32630.192
MinimumVisualStudioVersion = 10.0.40219.1
Project("{FAE04EC0-301F-11D3-BF4B-00C04F79EFBC}") = "VacationPlease", "VacationPlease\VacationPlease.csproj", "{75DD29F7-AD98-49E5-A375-5A83C0E75FF5}"
EndProject
Project("{FAE04EC0-301F-11D3-BF4B-00C04F79EFBC}") = "Sleeeeep", "Sleeeeep\Sleeeeep.csproj", "{49B9C139-762B-49FA-911A-CF6EA0E84893}"
EndProject
Global
	GlobalSection(SolutionConfigurationPlatforms) = preSolution
		Debug|Any CPU = Debug|Any CPU
		Release|Any CPU = Release|Any CPU
	EndGlobalSection
	GlobalSection(ProjectConfigurationPlatforms) = postSolution
		{75DD29F7-AD98-49E5-A375-5A83C0E75FF5}.Debug|Any CPU.ActiveCfg = Debug|Any CPU
		{75DD29F7-AD98-49E5-A375-5A83C0E75FF5}.Debug|Any CPU.Build.0 = Debug|Any CPU
		{75DD29F7-AD98-49E5-A375-5A83C0E75FF5}.Release|Any CPU.ActiveCfg = Release|Any CPU
		{75DD29F7-AD98-49E5-A375-5A83C0E75FF5}.Release|Any CPU.Build.0 = Release|Any CPU
		{49B9C139-762B-49FA-911A-CF6EA0E84893}.Debug|Any CPU.ActiveCfg = Debug|Any CPU
		{49B9C139-762B-49FA-911A-CF6EA0E84893}.Debug|Any CPU.Build.0 = Debug|Any CPU
		{49B9C139-762B-49FA-911A-CF6EA0E84893}.Release|Any CPU.ActiveCfg = Release|Any CPU
		{49B9C139-762B-49FA-911A-CF6EA0E84893}.Release|Any CPU.Build.0 = Release|Any CPU
	EndGlobalSection
	GlobalSection(SolutionProperties) = preSolution
		HideSolutionNode = FALSE
	EndGlobalSection
	GlobalSection(ExtensibilityGlobals) = postSolution
		SolutionGuid = {A920F22C-0673-4277-8710-B90BAE9DB039}
	EndGlobalSection
EndGlobal
